
Microsoft Visual Studio Solution File, Format Version 12.00
# Visual Studio Version 17
VisualStudioVersion = 17.5.33530.505
MinimumVisualStudioVersion = 10.0.40219.1
Project("{9A19103F-16F7-4668-BE54-9A1E7A4F7556}") = "001-Asp.Net Core setup", "01-Asp.Net Core setup\001-Asp.Net Core setup.csproj", "{B67A2C2D-B668-4C01-8C69-0CF80FC52AB7}"
EndProject
Project("{9A19103F-16F7-4668-BE54-9A1E7A4F7556}") = "002AssignmentHeaders", "AssignmentHeaders\002AssignmentHeaders.csproj", "{1633FA21-17C1-4C3A-921F-128AB9B01534}"
EndProject
Project("{9A19103F-16F7-4668-BE54-9A1E7A4F7556}") = "02-MiddleWares", "02-MiddleWares\02-MiddleWares.csproj", "{78FA64FE-9949-4D93-AE65-EA574CB4C822}"
EndProject
Project("{9A19103F-16F7-4668-BE54-9A1E7A4F7556}") = "MiddleWearsAssignment", "MiddleWearsAssignment\MiddleWearsAssignment.csproj", "{AA97540D-9D3E-4EAE-BF1A-DB7795A9FCDF}"
EndProject
Project("{9A19103F-16F7-4668-BE54-9A1E7A4F7556}") = "04-ASp.NetRouting", "04-ASp.NetRouting\04-ASp.NetRouting.csproj", "{F9741B6C-5E5E-41EE-9EDC-61D875175435}"
EndProject
Project("{9A19103F-16F7-4668-BE54-9A1E7A4F7556}") = "05-Controllers", "05-Controllers\05-Controllers.csproj", "{D0ECBB7E-4082-488C-9020-4FD8D02527DC}"
EndProject
Project("{9A19103F-16F7-4668-BE54-9A1E7A4F7556}") = "06-ModelBinding_Validations", "06-ModelBinding_Validations\06-ModelBinding_Validations.csproj", "{15D09144-54D6-4EF2-B896-27BA7881F09C}"
EndProject
Project("{FAE04EC0-301F-11D3-BF4B-00C04F79EFBC}") = "07-ModelValidations", "07-ModelValidations\07-ModelValidations.csproj", "{E0E8B936-1287-4051-8CF7-1426DA483B3D}"
EndProject
Global
	GlobalSection(SolutionConfigurationPlatforms) = preSolution
		Debug|Any CPU = Debug|Any CPU
		Release|Any CPU = Release|Any CPU
	EndGlobalSection
	GlobalSection(ProjectConfigurationPlatforms) = postSolution
		{B67A2C2D-B668-4C01-8C69-0CF80FC52AB7}.Debug|Any CPU.ActiveCfg = Debug|Any CPU
		{B67A2C2D-B668-4C01-8C69-0CF80FC52AB7}.Debug|Any CPU.Build.0 = Debug|Any CPU
		{B67A2C2D-B668-4C01-8C69-0CF80FC52AB7}.Release|Any CPU.ActiveCfg = Release|Any CPU
		{B67A2C2D-B668-4C01-8C69-0CF80FC52AB7}.Release|Any CPU.Build.0 = Release|Any CPU
		{1633FA21-17C1-4C3A-921F-128AB9B01534}.Debug|Any CPU.ActiveCfg = Debug|Any CPU
		{1633FA21-17C1-4C3A-921F-128AB9B01534}.Debug|Any CPU.Build.0 = Debug|Any CPU
		{1633FA21-17C1-4C3A-921F-128AB9B01534}.Release|Any CPU.ActiveCfg = Release|Any CPU
		{1633FA21-17C1-4C3A-921F-128AB9B01534}.Release|Any CPU.Build.0 = Release|Any CPU
		{78FA64FE-9949-4D93-AE65-EA574CB4C822}.Debug|Any CPU.ActiveCfg = Debug|Any CPU
		{78FA64FE-9949-4D93-AE65-EA574CB4C822}.Debug|Any CPU.Build.0 = Debug|Any CPU
		{78FA64FE-9949-4D93-AE65-EA574CB4C822}.Release|Any CPU.ActiveCfg = Release|Any CPU
		{78FA64FE-9949-4D93-AE65-EA574CB4C822}.Release|Any CPU.Build.0 = Release|Any CPU
		{AA97540D-9D3E-4EAE-BF1A-DB7795A9FCDF}.Debug|Any CPU.ActiveCfg = Debug|Any CPU
		{AA97540D-9D3E-4EAE-BF1A-DB7795A9FCDF}.Debug|Any CPU.Build.0 = Debug|Any CPU
		{AA97540D-9D3E-4EAE-BF1A-DB7795A9FCDF}.Release|Any CPU.ActiveCfg = Release|Any CPU
		{AA97540D-9D3E-4EAE-BF1A-DB7795A9FCDF}.Release|Any CPU.Build.0 = Release|Any CPU
		{F9741B6C-5E5E-41EE-9EDC-61D875175435}.Debug|Any CPU.ActiveCfg = Debug|Any CPU
		{F9741B6C-5E5E-41EE-9EDC-61D875175435}.Debug|Any CPU.Build.0 = Debug|Any CPU
		{F9741B6C-5E5E-41EE-9EDC-61D875175435}.Release|Any CPU.ActiveCfg = Release|Any CPU
		{F9741B6C-5E5E-41EE-9EDC-61D875175435}.Release|Any CPU.Build.0 = Release|Any CPU
		{D0ECBB7E-4082-488C-9020-4FD8D02527DC}.Debug|Any CPU.ActiveCfg = Debug|Any CPU
		{D0ECBB7E-4082-488C-9020-4FD8D02527DC}.Debug|Any CPU.Build.0 = Debug|Any CPU
		{D0ECBB7E-4082-488C-9020-4FD8D02527DC}.Release|Any CPU.ActiveCfg = Release|Any CPU
		{D0ECBB7E-4082-488C-9020-4FD8D02527DC}.Release|Any CPU.Build.0 = Release|Any CPU
		{15D09144-54D6-4EF2-B896-27BA7881F09C}.Debug|Any CPU.ActiveCfg = Debug|Any CPU
		{15D09144-54D6-4EF2-B896-27BA7881F09C}.Debug|Any CPU.Build.0 = Debug|Any CPU
		{15D09144-54D6-4EF2-B896-27BA7881F09C}.Release|Any CPU.ActiveCfg = Release|Any CPU
		{15D09144-54D6-4EF2-B896-27BA7881F09C}.Release|Any CPU.Build.0 = Release|Any CPU
		{E0E8B936-1287-4051-8CF7-1426DA483B3D}.Debug|Any CPU.ActiveCfg = Debug|Any CPU
		{E0E8B936-1287-4051-8CF7-1426DA483B3D}.Debug|Any CPU.Build.0 = Debug|Any CPU
		{E0E8B936-1287-4051-8CF7-1426DA483B3D}.Release|Any CPU.ActiveCfg = Release|Any CPU
		{E0E8B936-1287-4051-8CF7-1426DA483B3D}.Release|Any CPU.Build.0 = Release|Any CPU
	EndGlobalSection
	GlobalSection(SolutionProperties) = preSolution
		HideSolutionNode = FALSE
	EndGlobalSection
	GlobalSection(ExtensibilityGlobals) = postSolution
		SolutionGuid = {021F554C-6D9F-4F5C-B470-7587DF1C1787}
	EndGlobalSection
EndGlobal
